
Microsoft Visual Studio Solution File, Format Version 12.00
# Visual Studio Version 16
VisualStudioVersion = 16.0.31105.61
MinimumVisualStudioVersion = 10.0.40219.1
Project("{FAE04EC0-301F-11D3-BF4B-00C04F79EFBC}") = "BlitApiTest_", "BlitApiTest_\BlitApiTest_.csproj", "{DAF36934-3945-4589-BAAC-3B220C82BFBD}"
EndProject
Global
	GlobalSection(SolutionConfigurationPlatforms) = preSolution
		Debug|Any CPU = Debug|Any CPU
		Release|Any CPU = Release|Any CPU
	EndGlobalSection
	GlobalSection(ProjectConfigurationPlatforms) = postSolution
		{DAF36934-3945-4589-BAAC-3B220C82BFBD}.Debug|Any CPU.ActiveCfg = Debug|Any CPU
		{DAF36934-3945-4589-BAAC-3B220C82BFBD}.Debug|Any CPU.Build.0 = Debug|Any CPU
		{DAF36934-3945-4589-BAAC-3B220C82BFBD}.Release|Any CPU.ActiveCfg = Release|Any CPU
		{DAF36934-3945-4589-BAAC-3B220C82BFBD}.Release|Any CPU.Build.0 = Release|Any CPU
	EndGlobalSection
	GlobalSection(SolutionProperties) = preSolution
		HideSolutionNode = FALSE
	EndGlobalSection
	GlobalSection(ExtensibilityGlobals) = postSolution
		SolutionGuid = {468D59BC-BA3B-4748-BE7B-C131E5512147}
	EndGlobalSection
EndGlobal
